
Microsoft Visual Studio Solution File, Format Version 12.00
# Visual Studio 15
VisualStudioVersion = 15.0.28307.1340
MinimumVisualStudioVersion = 10.0.40219.1
Project("{FAE04EC0-301F-11D3-BF4B-00C04F79EFBC}") = "mark_book", "mark_book\mark_book.csproj", "{9F266FA8-4080-43A5-A90E-972ED9F1E53F}"
EndProject
Global
	GlobalSection(SolutionConfigurationPlatforms) = preSolution
		Debug|Any CPU = Debug|Any CPU
		Release|Any CPU = Release|Any CPU
	EndGlobalSection
	GlobalSection(ProjectConfigurationPlatforms) = postSolution
		{9F266FA8-4080-43A5-A90E-972ED9F1E53F}.Debug|Any CPU.ActiveCfg = Debug|Any CPU
		{9F266FA8-4080-43A5-A90E-972ED9F1E53F}.Debug|Any CPU.Build.0 = Debug|Any CPU
		{9F266FA8-4080-43A5-A90E-972ED9F1E53F}.Release|Any CPU.ActiveCfg = Release|Any CPU
		{9F266FA8-4080-43A5-A90E-972ED9F1E53F}.Release|Any CPU.Build.0 = Release|Any CPU
	EndGlobalSection
	GlobalSection(SolutionProperties) = preSolution
		HideSolutionNode = FALSE
	EndGlobalSection
	GlobalSection(ExtensibilityGlobals) = postSolution
		SolutionGuid = {E4DB1CA3-759C-4DCE-BA3E-FF3309B00FF4}
	EndGlobalSection
EndGlobal
